
Microsoft Visual Studio Solution File, Format Version 12.00
# Visual Studio Version 17
VisualStudioVersion = 17.5.33516.290
MinimumVisualStudioVersion = 10.0.40219.1
Project("{FAE04EC0-301F-11D3-BF4B-00C04F79EFBC}") = "C_proj_MKMN", "C_proj_MKMN\C_proj_MKMN.csproj", "{5C3764C4-F949-4C79-B2F1-BCFB5FE3E3B2}"
EndProject
Global
	GlobalSection(SolutionConfigurationPlatforms) = preSolution
		Debug|Any CPU = Debug|Any CPU
		Release|Any CPU = Release|Any CPU
	EndGlobalSection
	GlobalSection(ProjectConfigurationPlatforms) = postSolution
		{5C3764C4-F949-4C79-B2F1-BCFB5FE3E3B2}.Debug|Any CPU.ActiveCfg = Debug|Any CPU
		{5C3764C4-F949-4C79-B2F1-BCFB5FE3E3B2}.Debug|Any CPU.Build.0 = Debug|Any CPU
		{5C3764C4-F949-4C79-B2F1-BCFB5FE3E3B2}.Release|Any CPU.ActiveCfg = Release|Any CPU
		{5C3764C4-F949-4C79-B2F1-BCFB5FE3E3B2}.Release|Any CPU.Build.0 = Release|Any CPU
	EndGlobalSection
	GlobalSection(SolutionProperties) = preSolution
		HideSolutionNode = FALSE
	EndGlobalSection
	GlobalSection(ExtensibilityGlobals) = postSolution
		SolutionGuid = {504FF934-49DF-44B5-9563-F279F622EEB6}
	EndGlobalSection
EndGlobal
